
Microsoft Visual Studio Solution File, Format Version 12.00
# Visual Studio Version 16
VisualStudioVersion = 16.6.30114.105
MinimumVisualStudioVersion = 10.0.40219.1
Project("{FAE04EC0-301F-11D3-BF4B-00C04F79EFBC}") = "PagoTercero", "PagoTercero\PagoTercero.csproj", "{C57CF58E-146E-4ABE-BB26-45E1C549CB98}"
EndProject
Project("{FAE04EC0-301F-11D3-BF4B-00C04F79EFBC}") = "Datos", "Datos\Datos.csproj", "{DDF2C410-A2FE-4AB8-A41F-4153C361C6A9}"
EndProject
Project("{FAE04EC0-301F-11D3-BF4B-00C04F79EFBC}") = "Logica", "Logica\Logica.csproj", "{99BE67B3-AB6D-4719-8510-19F5291F0EB4}"
EndProject
Project("{FAE04EC0-301F-11D3-BF4B-00C04F79EFBC}") = "Entidad", "Entidad\Entidad.csproj", "{7B86437B-81EE-4229-BC5B-B3226E2A4DC2}"
EndProject
Global
	GlobalSection(SolutionConfigurationPlatforms) = preSolution
		Debug|Any CPU = Debug|Any CPU
		Debug|x64 = Debug|x64
		Debug|x86 = Debug|x86
		Release|Any CPU = Release|Any CPU
		Release|x64 = Release|x64
		Release|x86 = Release|x86
	EndGlobalSection
	GlobalSection(SolutionProperties) = preSolution
		HideSolutionNode = FALSE
	EndGlobalSection
	GlobalSection(ProjectConfigurationPlatforms) = postSolution
		{C57CF58E-146E-4ABE-BB26-45E1C549CB98}.Debug|Any CPU.ActiveCfg = Debug|Any CPU
		{C57CF58E-146E-4ABE-BB26-45E1C549CB98}.Debug|Any CPU.Build.0 = Debug|Any CPU
		{C57CF58E-146E-4ABE-BB26-45E1C549CB98}.Debug|x64.ActiveCfg = Debug|Any CPU
		{C57CF58E-146E-4ABE-BB26-45E1C549CB98}.Debug|x64.Build.0 = Debug|Any CPU
		{C57CF58E-146E-4ABE-BB26-45E1C549CB98}.Debug|x86.ActiveCfg = Debug|Any CPU
		{C57CF58E-146E-4ABE-BB26-45E1C549CB98}.Debug|x86.Build.0 = Debug|Any CPU
		{C57CF58E-146E-4ABE-BB26-45E1C549CB98}.Release|Any CPU.ActiveCfg = Release|Any CPU
		{C57CF58E-146E-4ABE-BB26-45E1C549CB98}.Release|Any CPU.Build.0 = Release|Any CPU
		{C57CF58E-146E-4ABE-BB26-45E1C549CB98}.Release|x64.ActiveCfg = Release|Any CPU
		{C57CF58E-146E-4ABE-BB26-45E1C549CB98}.Release|x64.Build.0 = Release|Any CPU
		{C57CF58E-146E-4ABE-BB26-45E1C549CB98}.Release|x86.ActiveCfg = Release|Any CPU
		{C57CF58E-146E-4ABE-BB26-45E1C549CB98}.Release|x86.Build.0 = Release|Any CPU
		{DDF2C410-A2FE-4AB8-A41F-4153C361C6A9}.Debug|Any CPU.ActiveCfg = Debug|Any CPU
		{DDF2C410-A2FE-4AB8-A41F-4153C361C6A9}.Debug|Any CPU.Build.0 = Debug|Any CPU
		{DDF2C410-A2FE-4AB8-A41F-4153C361C6A9}.Debug|x64.ActiveCfg = Debug|Any CPU
		{DDF2C410-A2FE-4AB8-A41F-4153C361C6A9}.Debug|x64.Build.0 = Debug|Any CPU
		{DDF2C410-A2FE-4AB8-A41F-4153C361C6A9}.Debug|x86.ActiveCfg = Debug|Any CPU
		{DDF2C410-A2FE-4AB8-A41F-4153C361C6A9}.Debug|x86.Build.0 = Debug|Any CPU
		{DDF2C410-A2FE-4AB8-A41F-4153C361C6A9}.Release|Any CPU.ActiveCfg = Release|Any CPU
		{DDF2C410-A2FE-4AB8-A41F-4153C361C6A9}.Release|Any CPU.Build.0 = Release|Any CPU
		{DDF2C410-A2FE-4AB8-A41F-4153C361C6A9}.Release|x64.ActiveCfg = Release|Any CPU
		{DDF2C410-A2FE-4AB8-A41F-4153C361C6A9}.Release|x64.Build.0 = Release|Any CPU
		{DDF2C410-A2FE-4AB8-A41F-4153C361C6A9}.Release|x86.ActiveCfg = Release|Any CPU
		{DDF2C410-A2FE-4AB8-A41F-4153C361C6A9}.Release|x86.Build.0 = Release|Any CPU
		{99BE67B3-AB6D-4719-8510-19F5291F0EB4}.Debug|Any CPU.ActiveCfg = Debug|Any CPU
		{99BE67B3-AB6D-4719-8510-19F5291F0EB4}.Debug|Any CPU.Build.0 = Debug|Any CPU
		{99BE67B3-AB6D-4719-8510-19F5291F0EB4}.Debug|x64.ActiveCfg = Debug|Any CPU
		{99BE67B3-AB6D-4719-8510-19F5291F0EB4}.Debug|x64.Build.0 = Debug|Any CPU
		{99BE67B3-AB6D-4719-8510-19F5291F0EB4}.Debug|x86.ActiveCfg = Debug|Any CPU
		{99BE67B3-AB6D-4719-8510-19F5291F0EB4}.Debug|x86.Build.0 = Debug|Any CPU
		{99BE67B3-AB6D-4719-8510-19F5291F0EB4}.Release|Any CPU.ActiveCfg = Release|Any CPU
		{99BE67B3-AB6D-4719-8510-19F5291F0EB4}.Release|Any CPU.Build.0 = Release|Any CPU
		{99BE67B3-AB6D-4719-8510-19F5291F0EB4}.Release|x64.ActiveCfg = Release|Any CPU
		{99BE67B3-AB6D-4719-8510-19F5291F0EB4}.Release|x64.Build.0 = Release|Any CPU
		{99BE67B3-AB6D-4719-8510-19F5291F0EB4}.Release|x86.ActiveCfg = Release|Any CPU
		{99BE67B3-AB6D-4719-8510-19F5291F0EB4}.Release|x86.Build.0 = Release|Any CPU
		{7B86437B-81EE-4229-BC5B-B3226E2A4DC2}.Debug|Any CPU.ActiveCfg = Debug|Any CPU
		{7B86437B-81EE-4229-BC5B-B3226E2A4DC2}.Debug|Any CPU.Build.0 = Debug|Any CPU
		{7B86437B-81EE-4229-BC5B-B3226E2A4DC2}.Debug|x64.ActiveCfg = Debug|Any CPU
		{7B86437B-81EE-4229-BC5B-B3226E2A4DC2}.Debug|x64.Build.0 = Debug|Any CPU
		{7B86437B-81EE-4229-BC5B-B3226E2A4DC2}.Debug|x86.ActiveCfg = Debug|Any CPU
		{7B86437B-81EE-4229-BC5B-B3226E2A4DC2}.Debug|x86.Build.0 = Debug|Any CPU
		{7B86437B-81EE-4229-BC5B-B3226E2A4DC2}.Release|Any CPU.ActiveCfg = Release|Any CPU
		{7B86437B-81EE-4229-BC5B-B3226E2A4DC2}.Release|Any CPU.Build.0 = Release|Any CPU
		{7B86437B-81EE-4229-BC5B-B3226E2A4DC2}.Release|x64.ActiveCfg = Release|Any CPU
		{7B86437B-81EE-4229-BC5B-B3226E2A4DC2}.Release|x64.Build.0 = Release|Any CPU
		{7B86437B-81EE-4229-BC5B-B3226E2A4DC2}.Release|x86.ActiveCfg = Release|Any CPU
		{7B86437B-81EE-4229-BC5B-B3226E2A4DC2}.Release|x86.Build.0 = Release|Any CPU
	EndGlobalSection
EndGlobal
